{
  "name": "kandar-bot",
  "version": "1.0.0",
  "lockfileVersion": 3,
  "requires": true,
  "packages": {
    "": {
      "name": "kandar-bot",
      "version": "1.0.0",
      "dependencies": {
        "discord.js": "^14.16.3",
        "dotenv": "^16.4.5",
        "express": "^4.19.2",
        "node-fetch": "^3.3.2"
      },
      "devDependencies": {
        "nodemon": "^3.1.10"
      }
    },
    "node_modules/discord.js": {
      "version": "14.16.3",
      "resolved": "https://registry.npmjs.org/discord.js/-/discord.js-14.16.3.tgz",
      "integrity": "sha512-pqZOkD+HFAfrf2ZC2iXwVjWAKvRz+q1DEv36FZgSLp2nBtrdc3MQ4iQ6vYH6rM+YHKVLR2NGm2JbL3WRH7J49w==",
      "dependencies": {
        "@discordjs/rest": "^2.4.0",
        "@discordjs/builders": "^1.10.0",
        "@discordjs/voice": "^1.3.0",
        "ws": "^8.17.1"
      }
    },
    "node_modules/dotenv": {
      "version": "16.4.5",
      "resolved": "https://registry.npmjs.org/dotenv/-/dotenv-16.4.5.tgz",
      "integrity": "sha512-SRBhVt6YSlOpmM1h6kEhZfLy4Q4sM1QdC4ZikX3I+S1HPlbG8sbJoCMZfAFHn1Q6jK5PdpMZ6hfjcRCcmC1oMw=="
    },
    "node_modules/express": {
      "version": "4.19.2",
      "resolved": "https://registry.npmjs.org/express/-/express-4.19.2.tgz",
      "integrity": "sha512-24uOE3zoyXQqZ99KfE6+cUO4i0OgaAaG0tMTKX1n+l4XOS5ghK7Wj5D9XQo07IhG0ZB0dXzUAc5qUksK6wVnYg=="
    },
    "node_modules/node-fetch": {
      "version": "3.3.2",
      "resolved": "https://registry.npmjs.org/node-fetch/-/node-fetch-3.3.2.tgz",
      "integrity": "sha512-a2PqW8zNRo1FzY0Tu+NY9cpVYgr9V8Xg91Ld9S6YkCkhWm4p8gPql7F3Ad8PCzjMZ3H1M+LKHtUJpZy1FZbYKg=="
    },
    "node_modules/nodemon": {
      "version": "3.1.10",
      "resolved": "https://registry.npmjs.org/nodemon/-/nodemon-3.1.10.tgz",
      "integrity": "sha512-kCQ8zV5RbeWg8IPpRkTToG8t/jmG3SRMlXSP4R9JvKxZCZVQKAw7qqFlsOi5eJvHqRdl5F5Z5wb0RGpDl5vyLg==",
      "dev": true
    }
  },
  "dependencies": {
    "discord.js": {
      "version": "14.16.3",
      "requires": {
        "@discordjs/rest": "^2.4.0",
        "@discordjs/builders": "^1.10.0",
        "@discordjs/voice": "^1.3.0",
        "ws": "^8.17.1"
      }
    },
    "dotenv": {
      "version": "16.4.5"
    },
    "express": {
      "version": "4.19.2"
    },
    "node-fetch": {
      "version": "3.3.2"
    },
    "nodemon": {
      "version": "3.1.10",
      "dev": true
    }
  }
}