{
{
  "name": "kandar-bot",
  "version": "1.0.0",
  "lockfileVersion": 3,
  "requires": true,
  "packages": {
    "": {
      "name": "kandar-bot",
      "version": "1.0.0",
      "license": "MIT",
      "dependencies": {
        "discord.js": "^14.15.3",
        "dotenv": "^16.4.5"
      },
      "devDependencies": {
        "nodemon": "^3.1.10"
      }
    },
    "node_modules/@discordjs/builders": {
      "version": "1.8.2",
      "resolved": "https://registry.npmjs.org/@discordjs/builders/-/builders-1.8.2.tgz",
      "integrity": "sha512-...",
      "dependencies": {
        "@discordjs/formatters": "^0.5.2",
        "@discordjs/util": "^1.1.1",
        "discord-api-types": "^0.37.68",
        "tslib": "^2.6.2"
      }
    },
    "node_modules/discord.js": {
      "version": "14.15.3",
      "resolved": "https://registry.npmjs.org/discord.js/-/discord.js-14.15.3.tgz",
      "integrity": "sha512-...",
      "dependencies": {
        "@discordjs/builders": "^1.8.2",
        "@discordjs/collection": "^1.5.3",
        "@discordjs/formatters": "^0.5.2",
        "@discordjs/rest": "^2.4.0",
        "@discordjs/util": "^1.1.1",
        "@sapphire/snowflake": "^3.5.1",
        "discord-api-types": "^0.37.68",
        "ws": "^8.17.1",
        "tslib": "^2.6.2",
        "undici": "^6.20.0"
      }
    },
    "node_modules/dotenv": {
      "version": "16.4.5",
      "resolved": "https://registry.npmjs.org/dotenv/-/dotenv-16.4.5.tgz",
      "integrity": "sha512-..."
    },
    "node_modules/nodemon": {
      "version": "3.1.10",
      "resolved": "https://registry.npmjs.org/nodemon/-/nodemon-3.1.10.tgz",
      "integrity": "sha512-...",
      "dev": true,
      "dependencies": {
        "chokidar": "^3.6.0",
        "ignore-by-default": "^1.0.1",
        "minimatch": "^3.1.2",
        "pstree.remy": "^1.1.8",
        "semver": "^7.7.3",
        "simple-update-notifier": "^2.0.0",
        "supports-color": "^5.5.0",
        "touch": "^3.1.1",
        "undefsafe": "^2.0.5"
      }
    },
    "node_modules/ws": {
      "version": "8.17.1",
      "resolved": "https://registry.npmjs.org/ws/-/ws-8.17.1.tgz",
      "integrity": "sha512-..."
    },
    "node_modules/tslib": {
      "version": "2.6.2",
      "resolved": "https://registry.npmjs.org/tslib/-/tslib-2.6.2.tgz",
      "integrity": "sha512-..."
    }
  }
}

