{
  "name": "kandar-discord-bot",
  "version": "1.0.0",
  "lockfileVersion": 3,
  "requires": true,
  "packages": {
    "": {
      "name": "kandar-discord-bot",
      "version": "1.0.0",
      "license": "ISC",
      "dependencies": {
        "discord.js": "^14.15.3",
        "dotenv": "^16.4.5",
        "node-fetch": "^3.3.2"
      }
    },
    "node_modules/discord.js": {
      "version": "14.15.3",
      "resolved": "https://registry.npmjs.org/discord.js/-/discord.js-14.15.3.tgz",
      "integrity": "sha512-CXlpa9ZsGQArdr4NWV2ndY0HE3uDwsFRAHpo5z6U98A6CpXVYwLMoA+SYE3OGvvRRd5ixm1VDbvIDwWbnJFDNg==",
      "dependencies": {
        "@discordjs/builders": "^1.8.2",
        "@discordjs/collection": "^1.5.3",
        "@discordjs/formatters": "^0.4.0",
        "@discordjs/rest": "^2.3.0",
        "@discordjs/util": "^1.2.1",
        "@sapphire/snowflake": "^3.5.1",
        "@vladfrangu/async_event_emitter": "^2.4.3",
        "discord-api-types": "^0.37.83",
        "fast-deep-equal": "^3.1.3",
        "lodash.snakecase": "^4.1.1",
        "tslib": "^2.6.2",
        "undici": "^5.27.2",
        "ws": "^8.18.0"
      }
    },
    "node_modules/dotenv": {
      "version": "16.4.5",
      "resolved": "https://registry.npmjs.org/dotenv/-/dotenv-16.4.5.tgz",
      "integrity": "sha512-L7i3RrF0ynDXJqRkVvZKhvUVVqg6I6QfOE9cUqUB1kRw+gr4DeF5ybOQ+P3PpK8zm1K4r2wY3jrl1y2vjTnNaQ=="
    },
    "node_modules/node-fetch": {
      "version": "3.3.2",
      "resolved": "https://registry.npmjs.org/node-fetch/-/node-fetch-3.3.2.tgz",
      "integrity": "sha512-Nh2sQjYgM8vX1YI8FTu6eYXmt6C7xKjz7hpK7b4JHSpnxgU5RxTHZn0UZoRC+MQeLEk9zF5zdtI+eD4jaIVw==",
      "dependencies": {
        "data-uri-to-buffer": "^4.0.1",
        "fetch-blob": "^3.2.0",
        "formdata-polyfill": "^4.0.10"
      }
    },
    "node_modules/data-uri-to-buffer": {
      "version": "4.0.1",
      "resolved": "https://registry.npmjs.org/data-uri-to-buffer/-/data-uri-to-buffer-4.0.1.tgz",
      "integrity": "sha512-xyHRf2tLdKzXU7t42bxPzDguDpjBAtKtnJy0xBqXEUh3nPbXQ/Aa1FZPy3jVJHExQZfR7yby3r64c3ENp3rbhA=="
    },
    "node_modules/fetch-blob": {
      "version": "3.2.0",
      "resolved": "https://registry.npmjs.org/fetch-blob/-/fetch-blob-3.2.0.tgz",
      "integrity": "sha512-3Vz0EoqF5sbQhSbKmfj+e8ZkG2eE+rTBiKhlTIDGFQx4e+/N8WMoYHTGQOdwMtRfB3GBYvY8YyQpDLsT/Cx76A==",
      "dependencies": {
        "node-domexception": "^1.0.0",
        "web-streams-polyfill": "^3.3.3"
      }
    },
    "node_modules/formdata-polyfill": {
      "version": "4.0.10",
      "resolved": "https://registry.npmjs.org/formdata-polyfill/-/formdata-polyfill-4.0.10.tgz",
      "integrity": "sha512-Ae7rA6fQuzy5kZJqf6Q/soNqDFjv7gFPOmV8Z4wnD6CMGos8soP5+U3twfTVLueXKMK7z7s5vwC7vEe5z1x2Mw==",
      "dependencies": {
        "fetch-blob": "^3.2.0"
      }
    },
    "node_modules/node-domexception": {
      "version": "1.0.0",
      "resolved": "https://registry.npmjs.org/node-domexception/-/node-domexception-1.0.0.tgz",
      "integrity": "sha512-jmSPsiYyLxkOIj13zrqQuE6wfsVmqb5U64fL1pJp9o+/DqVsyuJ9tPpp+p36kHcAaxBLbEvM7dPGko0CSgWZTQ=="
    },
    "node_modules/web-streams-polyfill": {
      "version": "3.3.3",
      "resolved": "https://registry.npmjs.org/web-streams-polyfill/-/web-streams-polyfill-3.3.3.tgz",
      "integrity": "sha512-dKxbsW5WX+ePKm7fO1O3PxFujJYzJBgp+Qy7wWRKY8QvWDkq3IOrhT7CGfFdsLkTQhY/jgcj8ttPhHhjU3v5Eg=="
    }
  }
}
